// !$*UTF8*$!
{
	archiveVersion = 1;
	classes = {
	};
	objectVersion = 55;
	objects = {

/* Begin PBXBuildFile section */
		F3B8700F288341AD0064C7FD /* AppDelegate.swift in Sources */ = {isa = PBXBuildFile; fileRef = F3B8700E288341AD0064C7FD /* AppDelegate.swift */; };
		F3B87011288341AD0064C7FD /* SceneDelegate.swift in Sources */ = {isa = PBXBuildFile; fileRef = F3B87010288341AD0064C7FD /* SceneDelegate.swift */; };
		F3B87013288341AD0064C7FD /* GameViewController.swift in Sources */ = {isa = PBXBuildFile; fileRef = F3B87012288341AD0064C7FD /* GameViewController.swift */; };
		F3B87016288341AD0064C7FD /* Main.storyboard in Resources */ = {isa = PBXBuildFile; fileRef = F3B87014288341AD0064C7FD /* Main.storyboard */; };
		F3B87018288341AE0064C7FD /* Assets.xcassets in Resources */ = {isa = PBXBuildFile; fileRef = F3B87017288341AE0064C7FD /* Assets.xcassets */; };
		F3B8701B288341AE0064C7FD /* LaunchScreen.storyboard in Resources */ = {isa = PBXBuildFile; fileRef = F3B87019288341AE0064C7FD /* LaunchScreen.storyboard */; };
		F3B87023288342D30064C7FD /* StartScreen.swift in Sources */ = {isa = PBXBuildFile; fileRef = F3B87022288342D30064C7FD /* StartScreen.swift */; };
		F3C3D58A28A5578D00E8D196 /* goal-sound.mp3 in Resources */ = {isa = PBXBuildFile; fileRef = F3C3D58928A5578D00E8D196 /* goal-sound.mp3 */; };
/* End PBXBuildFile section */

/* Begin PBXFileReference section */
		F3B8700B288341AD0064C7FD /* Play Soccer.app */ = {isa = PBXFileReference; explicitFileType = wrapper.application; includeInIndex = 0; path = "Play Soccer.app"; sourceTree = BUILT_PRODUCTS_DIR; };
		F3B8700E288341AD0064C7FD /* AppDelegate.swift */ = {isa = PBXFileReference; lastKnownFileType = sourcecode.swift; path = AppDelegate.swift; sourceTree = "<group>"; };
		F3B87010288341AD0064C7FD /* SceneDelegate.swift */ = {isa = PBXFileReference; lastKnownFileType = sourcecode.swift; path = SceneDelegate.swift; sourceTree = "<group>"; };
		F3B87012288341AD0064C7FD /* GameViewController.swift */ = {isa = PBXFileReference; lastKnownFileType = sourcecode.swift; path = GameViewController.swift; sourceTree = "<group>"; };
		F3B87015288341AD0064C7FD /* Base */ = {isa = PBXFileReference; lastKnownFileType = file.storyboard; name = Base; path = Base.lproj/Main.storyboard; sourceTree = "<group>"; };
		F3B87017288341AE0064C7FD /* Assets.xcassets */ = {isa = PBXFileReference; lastKnownFileType = folder.assetcatalog; path = Assets.xcassets; sourceTree = "<group>"; };
		F3B8701A288341AE0064C7FD /* Base */ = {isa = PBXFileReference; lastKnownFileType = file.storyboard; name = Base; path = Base.lproj/LaunchScreen.storyboard; sourceTree = "<group>"; };
		F3B8701C288341AE0064C7FD /* Info.plist */ = {isa = PBXFileReference; lastKnownFileType = text.plist.xml; path = Info.plist; sourceTree = "<group>"; };
		F3B87022288342D30064C7FD /* StartScreen.swift */ = {isa = PBXFileReference; lastKnownFileType = sourcecode.swift; path = StartScreen.swift; sourceTree = "<group>"; };
		F3C3D58928A5578D00E8D196 /* goal-sound.mp3 */ = {isa = PBXFileReference; lastKnownFileType = audio.mp3; path = "goal-sound.mp3"; sourceTree = "<group>"; };
/* End PBXFileReference section */

/* Begin PBXFrameworksBuildPhase section */
		F3B87008288341AD0064C7FD /* Frameworks */ = {
			isa = PBXFrameworksBuildPhase;
			buildActionMask = 2147483647;
			files = (
			);
			runOnlyForDeploymentPostprocessing = 0;
		};
/* End PBXFrameworksBuildPhase section */

/* Begin PBXGroup section */
		F3B87002288341AD0064C7FD = {
			isa = PBXGroup;
			children = (
				F3B8700D288341AD0064C7FD /* Play Soccer */,
				F3B8700C288341AD0064C7FD /* Products */,
			);
			sourceTree = "<group>";
		};
		F3B8700C288341AD0064C7FD /* Products */ = {
			isa = PBXGroup;
			children = (
				F3B8700B288341AD0064C7FD /* Play Soccer.app */,
			);
			name = Products;
			sourceTree = "<group>";
		};
		F3B8700D288341AD0064C7FD /* Play Soccer */ = {
			isa = PBXGroup;
			children = (
				F3B8700E288341AD0064C7FD /* AppDelegate.swift */,
				F3B87010288341AD0064C7FD /* SceneDelegate.swift */,
				F3B87012288341AD0064C7FD /* GameViewController.swift */,
				F3B87022288342D30064C7FD /* StartScreen.swift */,
				F3C3D58628A556F600E8D196 /* Audio */,
				F3B87014288341AD0064C7FD /* Main.storyboard */,
				F3B87017288341AE0064C7FD /* Assets.xcassets */,
				F3B87019288341AE0064C7FD /* LaunchScreen.storyboard */,
				F3B8701C288341AE0064C7FD /* Info.plist */,
			);
			path = "Play Soccer";
			sourceTree = "<group>";
		};
		F3C3D58628A556F600E8D196 /* Audio */ = {
			isa = PBXGroup;
			children = (
				F3C3D58928A5578D00E8D196 /* goal-sound.mp3 */,
			);
			path = Audio;
			sourceTree = "<group>";
		};
/* End PBXGroup section */

/* Begin PBXNativeTarget section */
		F3B8700A288341AD0064C7FD /* Play Soccer */ = {
			isa = PBXNativeTarget;
			buildConfigurationList = F3B8701F288341AE0064C7FD /* Build configuration list for PBXNativeTarget "Play Soccer" */;
			buildPhases = (
				F3B87007288341AD0064C7FD /* Sources */,
				F3B87008288341AD0064C7FD /* Frameworks */,
				F3B87009288341AD0064C7FD /* Resources */,
			);
			buildRules = (
			);
			dependencies = (
			);
			name = "Play Soccer";
			productName = "Play Soccer";
			productReference = F3B8700B288341AD0064C7FD /* Play Soccer.app */;
			productType = "com.apple.product-type.application";
		};
/* End PBXNativeTarget section */

/* Begin PBXProject section */
		F3B87003288341AD0064C7FD /* Project object */ = {
			isa = PBXProject;
			attributes = {
				BuildIndependentTargetsInParallel = 1;
				LastSwiftUpdateCheck = 1330;
				LastUpgradeCheck = 1330;
				TargetAttributes = {
					F3B8700A288341AD0064C7FD = {
						CreatedOnToolsVersion = 13.3;
					};
				};
			};
			buildConfigurationList = F3B87006288341AD0064C7FD /* Build configuration list for PBXProject "Play Soccer" */;
			compatibilityVersion = "Xcode 13.0";
			developmentRegion = en;
			hasScannedForEncodings = 0;
			knownRegions = (
				en,
				Base,
			);
			mainGroup = F3B87002288341AD0064C7FD;
			productRefGroup = F3B8700C288341AD0064C7FD /* Products */;
			projectDirPath = "";
			projectRoot = "";
			targets = (
				F3B8700A288341AD0064C7FD /* Play Soccer */,
			);
		};
/* End PBXProject section */

/* Begin PBXResourcesBuildPhase section */
		F3B87009288341AD0064C7FD /* Resources */ = {
			isa = PBXResourcesBuildPhase;
			buildActionMask = 2147483647;
			files = (
				F3C3D58A28A5578D00E8D196 /* goal-sound.mp3 in Resources */,
				F3B8701B288341AE0064C7FD /* LaunchScreen.storyboard in Resources */,
				F3B87018288341AE0064C7FD /* Assets.xcassets in Resources */,
				F3B87016288341AD0064C7FD /* Main.storyboard in Resources */,
			);
			runOnlyForDeploymentPostprocessing = 0;
		};
/* End PBXResourcesBuildPhase section */

/* Begin PBXSourcesBuildPhase section */
		F3B87007288341AD0064C7FD /* Sources */ = {
			isa = PBXSourcesBuildPhase;
			buildActionMask = 2147483647;
			files = (
				F3B87013288341AD0064C7FD /* GameViewController.swift in Sources */,
				F3B8700F288341AD0064C7FD /* AppDelegate.swift in Sources */,
				F3B87023288342D30064C7FD /* StartScreen.swift in Sources */,
				F3B87011288341AD0064C7FD /* SceneDelegate.swift in Sources */,
			);
			runOnlyForDeploymentPostprocessing = 0;
		};
/* End PBXSourcesBuildPhase section */

/* Begin PBXVariantGroup section */
		F3B87014288341AD0064C7FD /* Main.storyboard */ = {
			isa = PBXVariantGroup;
			children = (
				F3B87015288341AD0064C7FD /* Base */,
			);
			name = Main.storyboard;
			sourceTree = "<group>";
		};
		F3B87019288341AE0064C7FD /* LaunchScreen.storyboard */ = {
			isa = PBXVariantGroup;
			children = (
				F3B8701A288341AE0064C7FD /* Base */,
			);
			name = LaunchScreen.storyboard;
			sourceTree = "<group>";
		};
/* End PBXVariantGroup section */

/* Begin XCBuildConfiguration section */
		F3B8701D288341AE0064C7FD /* Debug */ = {
			isa = XCBuildConfiguration;
			buildSettings = {
				ALWAYS_SEARCH_USER_PATHS = NO;
				CLANG_ANALYZER_NONNULL = YES;
				CLANG_ANALYZER_NUMBER_OBJECT_CONVERSION = YES_AGGRESSIVE;
				CLANG_CXX_LANGUAGE_STANDARD = "gnu++17";
				CLANG_ENABLE_MODULES = YES;
				CLANG_ENABLE_OBJC_ARC = YES;
				CLANG_ENABLE_OBJC_WEAK = YES;
				CLANG_WARN_BLOCK_CAPTURE_AUTORELEASING = YES;
				CLANG_WARN_BOOL_CONVERSION = YES;
				CLANG_WARN_COMMA = YES;
				CLANG_WARN_CONSTANT_CONVERSION = YES;
				CLANG_WARN_DEPRECATED_OBJC_IMPLEMENTATIONS = YES;
				CLANG_WARN_DIRECT_OBJC_ISA_USAGE = YES_ERROR;
				CLANG_WARN_DOCUMENTATION_COMMENTS = YES;
				CLANG_WARN_EMPTY_BODY = YES;
				CLANG_WARN_ENUM_CONVERSION = YES;
				CLANG_WARN_INFINITE_RECURSION = YES;
				CLANG_WARN_INT_CONVERSION = YES;
				CLANG_WARN_NON_LITERAL_NULL_CONVERSION = YES;
				CLANG_WARN_OBJC_IMPLICIT_RETAIN_SELF = YES;
				CLANG_WARN_OBJC_LITERAL_CONVERSION = YES;
				CLANG_WARN_OBJC_ROOT_CLASS = YES_ERROR;
				CLANG_WARN_QUOTED_INCLUDE_IN_FRAMEWORK_HEADER = YES;
				CLANG_WARN_RANGE_LOOP_ANALYSIS = YES;
				CLANG_WARN_STRICT_PROTOTYPES = YES;
				CLANG_WARN_SUSPICIOUS_MOVE = YES;
				CLANG_WARN_UNGUARDED_AVAILABILITY = YES_AGGRESSIVE;
				CLANG_WARN_UNREACHABLE_CODE = YES;
				CLANG_WARN__DUPLICATE_METHOD_MATCH = YES;
				COPY_PHASE_STRIP = NO;
				DEBUG_INFORMATION_FORMAT = dwarf;
				ENABLE_STRICT_OBJC_MSGSEND = YES;
				ENABLE_TESTABILITY = YES;
				GCC_C_LANGUAGE_STANDARD = gnu11;
				GCC_DYNAMIC_NO_PIC = NO;
				GCC_NO_COMMON_BLOCKS = YES;
				GCC_OPTIMIZATION_LEVEL = 0;
				GCC_PREPROCESSOR_DEFINITIONS = (
					"DEBUG=1",
					"$(inherited)",
				);
				GCC_WARN_64_TO_32_BIT_CONVERSION = YES;
				GCC_WARN_ABOUT_RETURN_TYPE = YES_ERROR;
				GCC_WARN_UNDECLARED_SELECTOR = YES;
				GCC_WARN_UNINITIALIZED_AUTOS = YES_AGGRESSIVE;
				GCC_WARN_UNUSED_FUNCTION = YES;
				GCC_WARN_UNUSED_VARIABLE = YES;
				IPHONEOS_DEPLOYMENT_TARGET = 15.4;
				MTL_ENABLE_DEBUG_INFO = INCLUDE_SOURCE;
				MTL_FAST_MATH = YES;
				ONLY_ACTIVE_ARCH = YES;
				SDKROOT = iphoneos;
				SWIFT_ACTIVE_COMPILATION_CONDITIONS = DEBUG;
				SWIFT_OPTIMIZATION_LEVEL = "-Onone";
			};
			name = Debug;
		};
		F3B8701E288341AE0064C7FD /* Release */ = {
			isa = XCBuildConfiguration;
			buildSettings = {
				ALWAYS_SEARCH_USER_PATHS = NO;
				CLANG_ANALYZER_NONNULL = YES;
				CLANG_ANALYZER_NUMBER_OBJECT_CONVERSION = YES_AGGRESSIVE;
				CLANG_CXX_LANGUAGE_STANDARD = "gnu++17";
				CLANG_ENABLE_MODULES = YES;
				CLANG_ENABLE_OBJC_ARC = YES;
				CLANG_ENABLE_OBJC_WEAK = YES;
				CLANG_WARN_BLOCK_CAPTURE_AUTORELEASING = YES;
				CLANG_WARN_BOOL_CONVERSION = YES;
				CLANG_WARN_COMMA = YES;
				CLANG_WARN_CONSTANT_CONVERSION = YES;
				CLANG_WARN_DEPRECATED_OBJC_IMPLEMENTATIONS = YES;
				CLANG_WARN_DIRECT_OBJC_ISA_USAGE = YES_ERROR;
				CLANG_WARN_DOCUMENTATION_COMMENTS = YES;
				CLANG_WARN_EMPTY_BODY = YES;
				CLANG_WARN_ENUM_CONVERSION = YES;
				CLANG_WARN_INFINITE_RECURSION = YES;
				CLANG_WARN_INT_CONVERSION = YES;
				CLANG_WARN_NON_LITERAL_NULL_CONVERSION = YES;
				CLANG_WARN_OBJC_IMPLICIT_RETAIN_SELF = YES;
				CLANG_WARN_OBJC_LITERAL_CONVERSION = YES;
				CLANG_WARN_OBJC_ROOT_CLASS = YES_ERROR;
				CLANG_WARN_QUOTED_INCLUDE_IN_FRAMEWORK_HEADER = YES;
				CLANG_WARN_RANGE_LOOP_ANALYSIS = YES;
				CLANG_WARN_STRICT_PROTOTYPES = YES;
				CLANG_WARN_SUSPICIOUS_MOVE = YES;
				CLANG_WARN_UNGUARDED_AVAILABILITY = YES_AGGRESSIVE;
				CLANG_WARN_UNREACHABLE_CODE = YES;
				CLANG_WARN__DUPLICATE_METHOD_MATCH = YES;
				COPY_PHASE_STRIP = NO;
				DEBUG_INFORMATION_FORMAT = "dwarf-with-dsym";
				ENABLE_NS_ASSERTIONS = NO;
				ENABLE_STRICT_OBJC_MSGSEND = YES;
				GCC_C_LANGUAGE_STANDARD = gnu11;
				GCC_NO_COMMON_BLOCKS = YES;
				GCC_WARN_64_TO_32_BIT_CONVERSION = YES;
				GCC_WARN_ABOUT_RETURN_TYPE = YES_ERROR;
				GCC_WARN_UNDECLARED_SELECTOR = YES;
				GCC_WARN_UNINITIALIZED_AUTOS = YES_AGGRESSIVE;
				GCC_WARN_UNUSED_FUNCTION = YES;
				GCC_WARN_UNUSED_VARIABLE = YES;
				IPHONEOS_DEPLOYMENT_TARGET = 15.4;
				MTL_ENABLE_DEBUG_INFO = NO;
				MTL_FAST_MATH = YES;
				SDKROOT = iphoneos;
				SWIFT_COMPILATION_MODE = wholemodule;
				SWIFT_OPTIMIZATION_LEVEL = "-O";
				VALIDATE_PRODUCT = YES;
			};
			name = Release;
		};
		F3B87020288341AE0064C7FD /* Debug */ = {
			isa = XCBuildConfiguration;
			buildSettings = {
				ASSETCATALOG_COMPILER_APPICON_NAME = AppIcon;
				ASSETCATALOG_COMPILER_GLOBAL_ACCENT_COLOR_NAME = AccentColor;
				CODE_SIGN_STYLE = Automatic;
				CURRENT_PROJECT_VERSION = 1;
				DEVELOPMENT_TEAM = JH7VUP2CH4;
				GENERATE_INFOPLIST_FILE = YES;
				INFOPLIST_FILE = "Play Soccer/Info.plist";
				INFOPLIST_KEY_UIApplicationSupportsIndirectInputEvents = YES;
				INFOPLIST_KEY_UILaunchStoryboardName = LaunchScreen;
				INFOPLIST_KEY_UIMainStoryboardFile = Main;
				INFOPLIST_KEY_UISupportedInterfaceOrientations_iPad = "UIInterfaceOrientationPortrait UIInterfaceOrientationPortraitUpsideDown UIInterfaceOrientationLandscapeLeft UIInterfaceOrientationLandscapeRight";
				INFOPLIST_KEY_UISupportedInterfaceOrientations_iPhone = "UIInterfaceOrientationPortrait UIInterfaceOrientationLandscapeLeft UIInterfaceOrientationLandscapeRight";
				LD_RUNPATH_SEARCH_PATHS = (
					"$(inherited)",
					"@executable_path/Frameworks",
				);
				MARKETING_VERSION = 1.0;
				PRODUCT_BUNDLE_IDENTIFIER = "com.Oran.Play-Soccer";
				PRODUCT_NAME = "$(TARGET_NAME)";
				SWIFT_EMIT_LOC_STRINGS = YES;
				SWIFT_VERSION = 5.0;
				TARGETED_DEVICE_FAMILY = "1,2";
			};
			name = Debug;
		};
		F3B87021288341AE0064C7FD /* Release */ = {
			isa = XCBuildConfiguration;
			buildSettings = {
				ASSETCATALOG_COMPILER_APPICON_NAME = AppIcon;
				ASSETCATALOG_COMPILER_GLOBAL_ACCENT_COLOR_NAME = AccentColor;
				CODE_SIGN_STYLE = Automatic;
				CURRENT_PROJECT_VERSION = 1;
				DEVELOPMENT_TEAM = JH7VUP2CH4;
				GENERATE_INFOPLIST_FILE = YES;
				INFOPLIST_FILE = "Play Soccer/Info.plist";
				INFOPLIST_KEY_UIApplicationSupportsIndirectInputEvents = YES;
				INFOPLIST_KEY_UILaunchStoryboardName = LaunchScreen;
				INFOPLIST_KEY_UIMainStoryboardFile = Main;
				INFOPLIST_KEY_UISupportedInterfaceOrientations_iPad = "UIInterfaceOrientationPortrait UIInterfaceOrientationPortraitUpsideDown UIInterfaceOrientationLandscapeLeft UIInterfaceOrientationLandscapeRight";
				INFOPLIST_KEY_UISupportedInterfaceOrientations_iPhone = "UIInterfaceOrientationPortrait UIInterfaceOrientationLandscapeLeft UIInterfaceOrientationLandscapeRight";
				LD_RUNPATH_SEARCH_PATHS = (
					"$(inherited)",
					"@executable_path/Frameworks",
				);
				MARKETING_VERSION = 1.0;
				PRODUCT_BUNDLE_IDENTIFIER = "com.Oran.Play-Soccer";
				PRODUCT_NAME = "$(TARGET_NAME)";
				SWIFT_EMIT_LOC_STRINGS = YES;
				SWIFT_VERSION = 5.0;
				TARGETED_DEVICE_FAMILY = "1,2";
			};
			name = Release;
		};
/* End XCBuildConfiguration section */

/* Begin XCConfigurationList section */
		F3B87006288341AD0064C7FD /* Build configuration list for PBXProject "Play Soccer" */ = {
			isa = XCConfigurationList;
			buildConfigurations = (
				F3B8701D288341AE0064C7FD /* Debug */,
				F3B8701E288341AE0064C7FD /* Release */,
			);
			defaultConfigurationIsVisible = 0;
			defaultConfigurationName = Release;
		};
		F3B8701F288341AE0064C7FD /* Build configuration list for PBXNativeTarget "Play Soccer" */ = {
			isa = XCConfigurationList;
			buildConfigurations = (
				F3B87020288341AE0064C7FD /* Debug */,
				F3B87021288341AE0064C7FD /* Release */,
			);
			defaultConfigurationIsVisible = 0;
			defaultConfigurationName = Release;
		};
/* End XCConfigurationList section */
	};
	rootObject = F3B87003288341AD0064C7FD /* Project object */;
}
